
Microsoft Visual Studio Solution File, Format Version 12.00
# Visual Studio Version 17
VisualStudioVersion = 17.6.33829.357
MinimumVisualStudioVersion = 10.0.40219.1
Project("{FAE04EC0-301F-11D3-BF4B-00C04F79EFBC}") = "ContactDatabase.API.Server", "Server\ContactDatabase.API.Server.csproj", "{0F78DF5C-0BBE-4C86-8A3D-CCEC871F6526}"
EndProject
Project("{FAE04EC0-301F-11D3-BF4B-00C04F79EFBC}") = "ContactDatabase.API.Client", "Client\ContactDatabase.API.Client.csproj", "{6BEE723E-86CB-4F2A-90B9-9273D2911728}"
EndProject
Project("{FAE04EC0-301F-11D3-BF4B-00C04F79EFBC}") = "ContactDatabase.API.Shared", "Shared\ContactDatabase.API.Shared.csproj", "{0387BC9C-B66C-4042-87E4-D298FBF067DE}"
EndProject
Global
	GlobalSection(SolutionConfigurationPlatforms) = preSolution
		Debug|Any CPU = Debug|Any CPU
		Release|Any CPU = Release|Any CPU
	EndGlobalSection
	GlobalSection(ProjectConfigurationPlatforms) = postSolution
		{0F78DF5C-0BBE-4C86-8A3D-CCEC871F6526}.Debug|Any CPU.ActiveCfg = Debug|Any CPU
		{0F78DF5C-0BBE-4C86-8A3D-CCEC871F6526}.Debug|Any CPU.Build.0 = Debug|Any CPU
		{0F78DF5C-0BBE-4C86-8A3D-CCEC871F6526}.Release|Any CPU.ActiveCfg = Release|Any CPU
		{0F78DF5C-0BBE-4C86-8A3D-CCEC871F6526}.Release|Any CPU.Build.0 = Release|Any CPU
		{6BEE723E-86CB-4F2A-90B9-9273D2911728}.Debug|Any CPU.ActiveCfg = Debug|Any CPU
		{6BEE723E-86CB-4F2A-90B9-9273D2911728}.Debug|Any CPU.Build.0 = Debug|Any CPU
		{6BEE723E-86CB-4F2A-90B9-9273D2911728}.Release|Any CPU.ActiveCfg = Release|Any CPU
		{6BEE723E-86CB-4F2A-90B9-9273D2911728}.Release|Any CPU.Build.0 = Release|Any CPU
		{0387BC9C-B66C-4042-87E4-D298FBF067DE}.Debug|Any CPU.ActiveCfg = Debug|Any CPU
		{0387BC9C-B66C-4042-87E4-D298FBF067DE}.Debug|Any CPU.Build.0 = Debug|Any CPU
		{0387BC9C-B66C-4042-87E4-D298FBF067DE}.Release|Any CPU.ActiveCfg = Release|Any CPU
		{0387BC9C-B66C-4042-87E4-D298FBF067DE}.Release|Any CPU.Build.0 = Release|Any CPU
	EndGlobalSection
	GlobalSection(SolutionProperties) = preSolution
		HideSolutionNode = FALSE
	EndGlobalSection
	GlobalSection(ExtensibilityGlobals) = postSolution
		SolutionGuid = {FE09940A-2242-43CE-BF2D-4E0266F36737}
	EndGlobalSection
EndGlobal
